{
  "name": "studious-blog",
  "version": "0.0.0",
  "lockfileVersion": 3,
  "requires": true,
  "packages": {
    "": {
      "name": "studious-blog",
      "version": "0.0.0",
      "dependencies": {
        "pinia": "^2.1.7",
        "vue": "^3.3.4",
        "vue-router": "^4.2.5"
      },
      "devDependencies": {
        "@vitejs/plugin-vue": "^4.4.0",
        "vite": "^4.4.11"
      }
    },
    "node_modules/@babel/parser": {
      "version": "7.23.3",
      "resolved": "http://cmc.cloudartifact.dragon.tools.hihonor.com/artifactory/api/npm/npm-virtual/@babel/parser/-/parser-7.23.3.tgz",
      "license": "MIT",
      "bin": {
        "parser": "bin/babel-parser.js"
      },
      "engines": {
        "node": ">=6.0.0"
      }
    },
    "node_modules/@esbuild/android-arm": {
      "version": "0.18.20",
      "resolved": "http://cmc.cloudartifact.dragon.tools.hihonor.com/artifactory/api/npm/npm-virtual/@esbuild/android-arm/-/android-arm-0.18.20.tgz",
      "cpu": [
        "arm"
      ],
      "dev": true,
      "license": "MIT",
      "optional": true,
      "os": [
        "android"
      ],
      "engines": {
        "node": ">=12"
      }
    },
    "node_modules/@esbuild/android-arm64": {
      "version": "0.18.20",
      "resolved": "http://cmc.cloudartifact.dragon.tools.hihonor.com/artifactory/api/npm/npm-virtual/@esbuild/android-arm64/-/android-arm64-0.18.20.tgz",
      "cpu": [
        "arm64"
      ],
      "dev": true,
      "license": "MIT",
      "optional": true,
      "os": [
        "android"
      ],
      "engines": {
        "node": ">=12"
      }
    },
    "node_modules/@esbuild/android-x64": {
      "version": "0.18.20",
      "resolved": "http://cmc.cloudartifact.dragon.tools.hihonor.com/artifactory/api/npm/npm-virtual/@esbuild/android-x64/-/android-x64-0.18.20.tgz",
      "cpu": [
        "x64"
      ],
      "dev": true,
      "license": "MIT",
      "optional": true,
      "os": [
        "android"
      ],
      "engines": {
        "node": ">=12"
      }
    },
    "node_modules/@esbuild/darwin-arm64": {
      "version": "0.18.20",
      "resolved": "http://cmc.cloudartifact.dragon.tools.hihonor.com/artifactory/api/npm/npm-virtual/@esbuild/darwin-arm64/-/darwin-arm64-0.18.20.tgz",
      "cpu": [
        "arm64"
      ],
      "dev": true,
      "license": "MIT",
      "optional": true,
      "os": [
        "darwin"
      ],
      "engines": {
        "node": ">=12"
      }
    },
    "node_modules/@esbuild/darwin-x64": {
      "version": "0.18.20",
      "resolved": "http://cmc.cloudartifact.dragon.tools.hihonor.com/artifactory/api/npm/npm-virtual/@esbuild/darwin-x64/-/darwin-x64-0.18.20.tgz",
      "cpu": [
        "x64"
      ],
      "dev": true,
      "license": "MIT",
      "optional": true,
      "os": [
        "darwin"
      ],
      "engines": {
        "node": ">=12"
      }
    },
    "node_modules/@esbuild/freebsd-arm64": {
      "version": "0.18.20",
      "resolved": "http://cmc.cloudartifact.dragon.tools.hihonor.com/artifactory/api/npm/npm-virtual/@esbuild/freebsd-arm64/-/freebsd-arm64-0.18.20.tgz",
      "cpu": [
        "arm64"
      ],
      "dev": true,
      "license": "MIT",
      "optional": true,
      "os": [
        "freebsd"
      ],
      "engines": {
        "node": ">=12"
      }
    },
    "node_modules/@esbuild/freebsd-x64": {
      "version": "0.18.20",
      "resolved": "http://cmc.cloudartifact.dragon.tools.hihonor.com/artifactory/api/npm/npm-virtual/@esbuild/freebsd-x64/-/freebsd-x64-0.18.20.tgz",
      "cpu": [
        "x64"
      ],
      "dev": true,
      "license": "MIT",
      "optional": true,
      "os": [
        "freebsd"
      ],
      "engines": {
        "node": ">=12"
      }
    },
    "node_modules/@esbuild/linux-arm": {
      "version": "0.18.20",
      "resolved": "http://cmc.cloudartifact.dragon.tools.hihonor.com/artifactory/api/npm/npm-virtual/@esbuild/linux-arm/-/linux-arm-0.18.20.tgz",
      "cpu": [
        "arm"
      ],
      "dev": true,
      "license": "MIT",
      "optional": true,
      "os": [
        "linux"
      ],
      "engines": {
        "node": ">=12"
      }
    },
    "node_modules/@esbuild/linux-arm64": {
      "version": "0.18.20",
      "resolved": "http://cmc.cloudartifact.dragon.tools.hihonor.com/artifactory/api/npm/npm-virtual/@esbuild/linux-arm64/-/linux-arm64-0.18.20.tgz",
      "cpu": [
        "arm64"
      ],
      "dev": true,
      "license": "MIT",
      "optional": true,
      "os": [
        "linux"
      ],
      "engines": {
        "node": ">=12"
      }
    },
    "node_modules/@esbuild/linux-ia32": {
      "version": "0.18.20",
      "resolved": "http://cmc.cloudartifact.dragon.tools.hihonor.com/artifactory/api/npm/npm-virtual/@esbuild/linux-ia32/-/linux-ia32-0.18.20.tgz",
      "cpu": [
        "ia32"
      ],
      "dev": true,
      "license": "MIT",
      "optional": true,
      "os": [
        "linux"
      ],
      "engines": {
        "node": ">=12"
      }
    },
    "node_modules/@esbuild/linux-loong64": {
      "version": "0.18.20",
      "resolved": "http://cmc.cloudartifact.dragon.tools.hihonor.com/artifactory/api/npm/npm-virtual/@esbuild/linux-loong64/-/linux-loong64-0.18.20.tgz",
      "cpu": [
        "loong64"
      ],
      "dev": true,
      "license": "MIT",
      "optional": true,
      "os": [
        "linux"
      ],
      "engines": {
        "node": ">=12"
      }
    },
    "node_modules/@esbuild/linux-mips64el": {
      "version": "0.18.20",
      "resolved": "http://cmc.cloudartifact.dragon.tools.hihonor.com/artifactory/api/npm/npm-virtual/@esbuild/linux-mips64el/-/linux-mips64el-0.18.20.tgz",
      "cpu": [
        "mips64el"
      ],
      "dev": true,
      "license": "MIT",
      "optional": true,
      "os": [
        "linux"
      ],
      "engines": {
        "node": ">=12"
      }
    },
    "node_modules/@esbuild/linux-ppc64": {
      "version": "0.18.20",
      "resolved": "http://cmc.cloudartifact.dragon.tools.hihonor.com/artifactory/api/npm/npm-virtual/@esbuild/linux-ppc64/-/linux-ppc64-0.18.20.tgz",
      "cpu": [
        "ppc64"
      ],
      "dev": true,
      "license": "MIT",
      "optional": true,
      "os": [
        "linux"
      ],
      "engines": {
        "node": ">=12"
      }
    },
    "node_modules/@esbuild/linux-riscv64": {
      "version": "0.18.20",
      "resolved": "http://cmc.cloudartifact.dragon.tools.hihonor.com/artifactory/api/npm/npm-virtual/@esbuild/linux-riscv64/-/linux-riscv64-0.18.20.tgz",
      "cpu": [
        "riscv64"
      ],
      "dev": true,
      "license": "MIT",
      "optional": true,
      "os": [
        "linux"
      ],
      "engines": {
        "node": ">=12"
      }
    },
    "node_modules/@esbuild/linux-s390x": {
      "version": "0.18.20",
      "resolved": "http://cmc.cloudartifact.dragon.tools.hihonor.com/artifactory/api/npm/npm-virtual/@esbuild/linux-s390x/-/linux-s390x-0.18.20.tgz",
      "cpu": [
        "s390x"
      ],
      "dev": true,
      "license": "MIT",
      "optional": true,
      "os": [
        "linux"
      ],
      "engines": {
        "node": ">=12"
      }
    },
    "node_modules/@esbuild/linux-x64": {
      "version": "0.18.20",
      "resolved": "http://cmc.cloudartifact.dragon.tools.hihonor.com/artifactory/api/npm/npm-virtual/@esbuild/linux-x64/-/linux-x64-0.18.20.tgz",
      "cpu": [
        "x64"
      ],
      "dev": true,
      "license": "MIT",
      "optional": true,
      "os": [
        "linux"
      ],
      "engines": {
        "node": ">=12"
      }
    },
    "node_modules/@esbuild/netbsd-x64": {
      "version": "0.18.20",
      "resolved": "http://cmc.cloudartifact.dragon.tools.hihonor.com/artifactory/api/npm/npm-virtual/@esbuild/netbsd-x64/-/netbsd-x64-0.18.20.tgz",
      "cpu": [
        "x64"
      ],
      "dev": true,
      "license": "MIT",
      "optional": true,
      "os": [
        "netbsd"
      ],
      "engines": {
        "node": ">=12"
      }
    },
    "node_modules/@esbuild/openbsd-x64": {
      "version": "0.18.20",
      "resolved": "http://cmc.cloudartifact.dragon.tools.hihonor.com/artifactory/api/npm/npm-virtual/@esbuild/openbsd-x64/-/openbsd-x64-0.18.20.tgz",
      "cpu": [
        "x64"
      ],
      "dev": true,
      "license": "MIT",
      "optional": true,
      "os": [
        "openbsd"
      ],
      "engines": {
        "node": ">=12"
      }
    },
    "node_modules/@esbuild/sunos-x64": {
      "version": "0.18.20",
      "resolved": "http://cmc.cloudartifact.dragon.tools.hihonor.com/artifactory/api/npm/npm-virtual/@esbuild/sunos-x64/-/sunos-x64-0.18.20.tgz",
      "cpu": [
        "x64"
      ],
      "dev": true,
      "license": "MIT",
      "optional": true,
      "os": [
        "sunos"
      ],
      "engines": {
        "node": ">=12"
      }
    },
    "node_modules/@esbuild/win32-arm64": {
      "version": "0.18.20",
      "resolved": "http://cmc.cloudartifact.dragon.tools.hihonor.com/artifactory/api/npm/npm-virtual/@esbuild/win32-arm64/-/win32-arm64-0.18.20.tgz",
      "cpu": [
        "arm64"
      ],
      "dev": true,
      "license": "MIT",
      "optional": true,
      "os": [
        "win32"
      ],
      "engines": {
        "node": ">=12"
      }
    },
    "node_modules/@esbuild/win32-ia32": {
      "version": "0.18.20",
      "resolved": "http://cmc.cloudartifact.dragon.tools.hihonor.com/artifactory/api/npm/npm-virtual/@esbuild/win32-ia32/-/win32-ia32-0.18.20.tgz",
      "cpu": [
        "ia32"
      ],
      "dev": true,
      "license": "MIT",
      "optional": true,
      "os": [
        "win32"
      ],
      "engines": {
        "node": ">=12"
      }
    },
    "node_modules/@esbuild/win32-x64": {
      "version": "0.18.20",
      "resolved": "http://cmc.cloudartifact.dragon.tools.hihonor.com/artifactory/api/npm/npm-virtual/@esbuild/win32-x64/-/win32-x64-0.18.20.tgz",
      "cpu": [
        "x64"
      ],
      "dev": true,
      "license": "MIT",
      "optional": true,
      "os": [
        "win32"
      ],
      "engines": {
        "node": ">=12"
      }
    },
    "node_modules/@jridgewell/sourcemap-codec": {
      "version": "1.4.15",
      "resolved": "http://cmc.cloudartifact.dragon.tools.hihonor.com/artifactory/api/npm/npm-virtual/@jridgewell/sourcemap-codec/-/sourcemap-codec-1.4.15.tgz",
      "license": "MIT"
    },
    "node_modules/@vitejs/plugin-vue": {
      "version": "4.4.1",
      "resolved": "http://cmc.cloudartifact.dragon.tools.hihonor.com/artifactory/api/npm/npm-virtual/@vitejs/plugin-vue/-/plugin-vue-4.4.1.tgz",
      "integrity": "sha512-HCQG8VDFDM7YDAdcj5QI5DvUi+r6xvo9LgvYdk7LSkUNwdpempdB5horkMSZsbdey9Ywsf5aaU8kEPw9M5kREA==",
      "dev": true,
      "license": "MIT",
      "engines": {
        "node": "^14.18.0 || >=16.0.0"
      },
      "peerDependencies": {
        "vite": "^4.0.0",
        "vue": "^3.2.25"
      }
    },
    "node_modules/@vue/compiler-core": {
      "version": "3.3.8",
      "resolved": "http://cmc.cloudartifact.dragon.tools.hihonor.com/artifactory/api/npm/npm-virtual/@vue/compiler-core/-/compiler-core-3.3.8.tgz",
      "integrity": "sha512-hN/NNBUECw8SusQvDSqqcVv6gWq8L6iAktUR0UF3vGu2OhzRqcOiAno0FmBJWwxhYEXRlQJT5XnoKsVq1WZx4g==",
      "license": "MIT",
      "dependencies": {
        "@babel/parser": "^7.23.0",
        "@vue/shared": "3.3.8",
        "estree-walker": "^2.0.2",
        "source-map-js": "^1.0.2"
      }
    },
    "node_modules/@vue/compiler-dom": {
      "version": "3.3.8",
      "resolved": "http://cmc.cloudartifact.dragon.tools.hihonor.com/artifactory/api/npm/npm-virtual/@vue/compiler-dom/-/compiler-dom-3.3.8.tgz",
      "integrity": "sha512-+PPtv+p/nWDd0AvJu3w8HS0RIm/C6VGBIRe24b9hSyNWOAPEUosFZ5diwawwP8ip5sJ8n0Pe87TNNNHnvjs0FQ==",
      "license": "MIT",
      "dependencies": {
        "@vue/compiler-core": "3.3.8",
        "@vue/shared": "3.3.8"
      }
    },
    "node_modules/@vue/compiler-sfc": {
      "version": "3.3.8",
      "resolved": "http://cmc.cloudartifact.dragon.tools.hihonor.com/artifactory/api/npm/npm-virtual/@vue/compiler-sfc/-/compiler-sfc-3.3.8.tgz",
      "integrity": "sha512-WMzbUrlTjfYF8joyT84HfwwXo+8WPALuPxhy+BZ6R4Aafls+jDBnSz8PDz60uFhuqFbl3HxRfxvDzrUf3THwpA==",
      "license": "MIT",
      "dependencies": {
        "@babel/parser": "^7.23.0",
        "@vue/compiler-core": "3.3.8",
        "@vue/compiler-dom": "3.3.8",
        "@vue/compiler-ssr": "3.3.8",
        "@vue/reactivity-transform": "3.3.8",
        "@vue/shared": "3.3.8",
        "estree-walker": "^2.0.2",
        "magic-string": "^0.30.5",
        "postcss": "^8.4.31",
        "source-map-js": "^1.0.2"
      }
    },
    "node_modules/@vue/compiler-ssr": {
      "version": "3.3.8",
      "resolved": "http://cmc.cloudartifact.dragon.tools.hihonor.com/artifactory/api/npm/npm-virtual/@vue/compiler-ssr/-/compiler-ssr-3.3.8.tgz",
      "integrity": "sha512-hXCqQL/15kMVDBuoBYpUnSYT8doDNwsjvm3jTefnXr+ytn294ySnT8NlsFHmTgKNjwpuFy7XVV8yTeLtNl/P6w==",
      "license": "MIT",
      "dependencies": {
        "@vue/compiler-dom": "3.3.8",
        "@vue/shared": "3.3.8"
      }
    },
    "node_modules/@vue/devtools-api": {
      "version": "6.5.1",
      "resolved": "http://cmc.cloudartifact.dragon.tools.hihonor.com/artifactory/api/npm/npm-virtual/@vue/devtools-api/-/devtools-api-6.5.1.tgz",
      "license": "MIT"
    },
    "node_modules/@vue/reactivity": {
      "version": "3.3.8",
      "resolved": "http://cmc.cloudartifact.dragon.tools.hihonor.com/artifactory/api/npm/npm-virtual/@vue/reactivity/-/reactivity-3.3.8.tgz",
      "integrity": "sha512-ctLWitmFBu6mtddPyOKpHg8+5ahouoTCRtmAHZAXmolDtuZXfjL2T3OJ6DL6ezBPQB1SmMnpzjiWjCiMYmpIuw==",
      "license": "MIT",
      "dependencies": {
        "@vue/shared": "3.3.8"
      }
    },
    "node_modules/@vue/reactivity-transform": {
      "version": "3.3.8",
      "resolved": "http://cmc.cloudartifact.dragon.tools.hihonor.com/artifactory/api/npm/npm-virtual/@vue/reactivity-transform/-/reactivity-transform-3.3.8.tgz",
      "integrity": "sha512-49CvBzmZNtcHua0XJ7GdGifM8GOXoUMOX4dD40Y5DxI3R8OUhMlvf2nvgUAcPxaXiV5MQQ1Nwy09ADpnLQUqRw==",
      "license": "MIT",
      "dependencies": {
        "@babel/parser": "^7.23.0",
        "@vue/compiler-core": "3.3.8",
        "@vue/shared": "3.3.8",
        "estree-walker": "^2.0.2",
        "magic-string": "^0.30.5"
      }
    },
    "node_modules/@vue/runtime-core": {
      "version": "3.3.8",
      "resolved": "http://cmc.cloudartifact.dragon.tools.hihonor.com/artifactory/api/npm/npm-virtual/@vue/runtime-core/-/runtime-core-3.3.8.tgz",
      "integrity": "sha512-qurzOlb6q26KWQ/8IShHkMDOuJkQnQcTIp1sdP4I9MbCf9FJeGVRXJFr2mF+6bXh/3Zjr9TDgURXrsCr9bfjUw==",
      "license": "MIT",
      "dependencies": {
        "@vue/reactivity": "3.3.8",
        "@vue/shared": "3.3.8"
      }
    },
    "node_modules/@vue/runtime-dom": {
      "version": "3.3.8",
      "resolved": "http://cmc.cloudartifact.dragon.tools.hihonor.com/artifactory/api/npm/npm-virtual/@vue/runtime-dom/-/runtime-dom-3.3.8.tgz",
      "integrity": "sha512-Noy5yM5UIf9UeFoowBVgghyGGPIDPy1Qlqt0yVsUdAVbqI8eeMSsTqBtauaEoT2UFXUk5S64aWVNJN4MJ2vRdA==",
      "license": "MIT",
      "dependencies": {
        "@vue/runtime-core": "3.3.8",
        "@vue/shared": "3.3.8",
        "csstype": "^3.1.2"
      }
    },
    "node_modules/@vue/server-renderer": {
      "version": "3.3.8",
      "resolved": "http://cmc.cloudartifact.dragon.tools.hihonor.com/artifactory/api/npm/npm-virtual/@vue/server-renderer/-/server-renderer-3.3.8.tgz",
      "integrity": "sha512-zVCUw7RFskvPuNlPn/8xISbrf0zTWsTSdYTsUTN1ERGGZGVnRxM2QZ3x1OR32+vwkkCm0IW6HmJ49IsPm7ilLg==",
      "license": "MIT",
      "dependencies": {
        "@vue/compiler-ssr": "3.3.8",
        "@vue/shared": "3.3.8"
      },
      "peerDependencies": {
        "vue": "3.3.8"
      }
    },
    "node_modules/@vue/shared": {
      "version": "3.3.8",
      "resolved": "http://cmc.cloudartifact.dragon.tools.hihonor.com/artifactory/api/npm/npm-virtual/@vue/shared/-/shared-3.3.8.tgz",
      "integrity": "sha512-8PGwybFwM4x8pcfgqEQFy70NaQxASvOC5DJwLQfpArw1UDfUXrJkdxD3BhVTMS+0Lef/TU7YO0Jvr0jJY8T+mw==",
      "license": "MIT"
    },
    "node_modules/csstype": {
      "version": "3.1.2",
      "resolved": "http://cmc.cloudartifact.dragon.tools.hihonor.com/artifactory/api/npm/npm-virtual/csstype/-/csstype-3.1.2.tgz",
      "license": "MIT"
    },
    "node_modules/esbuild": {
      "version": "0.18.20",
      "resolved": "http://cmc.cloudartifact.dragon.tools.hihonor.com/artifactory/api/npm/npm-virtual/esbuild/-/esbuild-0.18.20.tgz",
      "dev": true,
      "hasInstallScript": true,
      "license": "MIT",
      "bin": {
        "esbuild": "bin/esbuild"
      },
      "engines": {
        "node": ">=12"
      },
      "optionalDependencies": {
        "@esbuild/android-arm": "0.18.20",
        "@esbuild/android-arm64": "0.18.20",
        "@esbuild/android-x64": "0.18.20",
        "@esbuild/darwin-arm64": "0.18.20",
        "@esbuild/darwin-x64": "0.18.20",
        "@esbuild/freebsd-arm64": "0.18.20",
        "@esbuild/freebsd-x64": "0.18.20",
        "@esbuild/linux-arm": "0.18.20",
        "@esbuild/linux-arm64": "0.18.20",
        "@esbuild/linux-ia32": "0.18.20",
        "@esbuild/linux-loong64": "0.18.20",
        "@esbuild/linux-mips64el": "0.18.20",
        "@esbuild/linux-ppc64": "0.18.20",
        "@esbuild/linux-riscv64": "0.18.20",
        "@esbuild/linux-s390x": "0.18.20",
        "@esbuild/linux-x64": "0.18.20",
        "@esbuild/netbsd-x64": "0.18.20",
        "@esbuild/openbsd-x64": "0.18.20",
        "@esbuild/sunos-x64": "0.18.20",
        "@esbuild/win32-arm64": "0.18.20",
        "@esbuild/win32-ia32": "0.18.20",
        "@esbuild/win32-x64": "0.18.20"
      }
    },
    "node_modules/estree-walker": {
      "version": "2.0.2",
      "resolved": "http://cmc.cloudartifact.dragon.tools.hihonor.com/artifactory/api/npm/npm-virtual/estree-walker/-/estree-walker-2.0.2.tgz",
      "license": "MIT"
    },
    "node_modules/fsevents": {
      "version": "2.3.3",
      "resolved": "http://cmc.cloudartifact.dragon.tools.hihonor.com/artifactory/api/npm/npm-virtual/fsevents/-/fsevents-2.3.3.tgz",
      "dev": true,
      "hasInstallScript": true,
      "license": "MIT",
      "optional": true,
      "os": [
        "darwin"
      ],
      "engines": {
        "node": "^8.16.0 || ^10.6.0 || >=11.0.0"
      }
    },
    "node_modules/magic-string": {
      "version": "0.30.5",
      "resolved": "http://cmc.cloudartifact.dragon.tools.hihonor.com/artifactory/api/npm/npm-virtual/magic-string/-/magic-string-0.30.5.tgz",
      "license": "MIT",
      "dependencies": {
        "@jridgewell/sourcemap-codec": "^1.4.15"
      },
      "engines": {
        "node": ">=12"
      }
    },
    "node_modules/nanoid": {
      "version": "3.3.7",
      "resolved": "http://cmc.cloudartifact.dragon.tools.hihonor.com/artifactory/api/npm/npm-virtual/nanoid/-/nanoid-3.3.7.tgz",
      "funding": [
        {
          "type": "github",
          "url": "https://github.com/sponsors/ai"
        }
      ],
      "license": "MIT",
      "bin": {
        "nanoid": "bin/nanoid.cjs"
      },
      "engines": {
        "node": "^10 || ^12 || ^13.7 || ^14 || >=15.0.1"
      }
    },
    "node_modules/picocolors": {
      "version": "1.0.0",
      "resolved": "http://cmc.cloudartifact.dragon.tools.hihonor.com/artifactory/api/npm/npm-virtual/picocolors/-/picocolors-1.0.0.tgz",
      "license": "ISC"
    },
    "node_modules/pinia": {
      "version": "2.1.7",
      "resolved": "http://cmc.cloudartifact.dragon.tools.hihonor.com/artifactory/api/npm/npm-virtual/pinia/-/pinia-2.1.7.tgz",
      "integrity": "sha512-+C2AHFtcFqjPih0zpYuvof37SFxMQ7OEG2zV9jRI12i9BOy3YQVAHwdKtyyc8pDcDyIc33WCIsZaCFWU7WWxGQ==",
      "license": "MIT",
      "dependencies": {
        "@vue/devtools-api": "^6.5.0",
        "vue-demi": ">=0.14.5"
      },
      "funding": {
        "url": "https://github.com/sponsors/posva"
      },
      "peerDependencies": {
        "@vue/composition-api": "^1.4.0",
        "typescript": ">=4.4.4",
        "vue": "^2.6.14 || ^3.3.0"
      },
      "peerDependenciesMeta": {
        "@vue/composition-api": {
          "optional": true
        },
        "typescript": {
          "optional": true
        }
      }
    },
    "node_modules/pinia/node_modules/vue-demi": {
      "version": "0.14.6",
      "resolved": "http://cmc.cloudartifact.dragon.tools.hihonor.com/artifactory/api/npm/npm-virtual/vue-demi/-/vue-demi-0.14.6.tgz",
      "hasInstallScript": true,
      "license": "MIT",
      "bin": {
        "vue-demi-fix": "bin/vue-demi-fix.js",
        "vue-demi-switch": "bin/vue-demi-switch.js"
      },
      "engines": {
        "node": ">=12"
      },
      "funding": {
        "url": "https://github.com/sponsors/antfu"
      },
      "peerDependencies": {
        "@vue/composition-api": "^1.0.0-rc.1",
        "vue": "^3.0.0-0 || ^2.6.0"
      },
      "peerDependenciesMeta": {
        "@vue/composition-api": {
          "optional": true
        }
      }
    },
    "node_modules/postcss": {
      "version": "8.4.31",
      "resolved": "http://cmc.cloudartifact.dragon.tools.hihonor.com/artifactory/api/npm/npm-virtual/postcss/-/postcss-8.4.31.tgz",
      "funding": [
        {
          "type": "opencollective",
          "url": "https://opencollective.com/postcss/"
        },
        {
          "type": "tidelift",
          "url": "https://tidelift.com/funding/github/npm/postcss"
        },
        {
          "type": "github",
          "url": "https://github.com/sponsors/ai"
        }
      ],
      "license": "MIT",
      "dependencies": {
        "nanoid": "^3.3.6",
        "picocolors": "^1.0.0",
        "source-map-js": "^1.0.2"
      },
      "engines": {
        "node": "^10 || ^12 || >=14"
      }
    },
    "node_modules/rollup": {
      "version": "3.29.4",
      "resolved": "http://cmc.cloudartifact.dragon.tools.hihonor.com/artifactory/api/npm/npm-virtual/rollup/-/rollup-3.29.4.tgz",
      "dev": true,
      "license": "MIT",
      "bin": {
        "rollup": "dist/bin/rollup"
      },
      "engines": {
        "node": ">=14.18.0",
        "npm": ">=8.0.0"
      },
      "optionalDependencies": {
        "fsevents": "~2.3.2"
      }
    },
    "node_modules/source-map-js": {
      "version": "1.0.2",
      "resolved": "http://cmc.cloudartifact.dragon.tools.hihonor.com/artifactory/api/npm/npm-virtual/source-map-js/-/source-map-js-1.0.2.tgz",
      "license": "BSD-3-Clause",
      "engines": {
        "node": ">=0.10.0"
      }
    },
    "node_modules/vite": {
      "version": "4.5.0",
      "resolved": "http://cmc.cloudartifact.dragon.tools.hihonor.com/artifactory/api/npm/npm-virtual/vite/-/vite-4.5.0.tgz",
      "dev": true,
      "license": "MIT",
      "dependencies": {
        "esbuild": "^0.18.10",
        "postcss": "^8.4.27",
        "rollup": "^3.27.1"
      },
      "bin": {
        "vite": "bin/vite.js"
      },
      "engines": {
        "node": "^14.18.0 || >=16.0.0"
      },
      "funding": {
        "url": "https://github.com/vitejs/vite?sponsor=1"
      },
      "optionalDependencies": {
        "fsevents": "~2.3.2"
      },
      "peerDependencies": {
        "@types/node": ">= 14",
        "less": "*",
        "lightningcss": "^1.21.0",
        "sass": "*",
        "stylus": "*",
        "sugarss": "*",
        "terser": "^5.4.0"
      },
      "peerDependenciesMeta": {
        "@types/node": {
          "optional": true
        },
        "less": {
          "optional": true
        },
        "lightningcss": {
          "optional": true
        },
        "sass": {
          "optional": true
        },
        "stylus": {
          "optional": true
        },
        "sugarss": {
          "optional": true
        },
        "terser": {
          "optional": true
        }
      }
    },
    "node_modules/vue": {
      "version": "3.3.8",
      "resolved": "http://cmc.cloudartifact.dragon.tools.hihonor.com/artifactory/api/npm/npm-virtual/vue/-/vue-3.3.8.tgz",
      "integrity": "sha512-5VSX/3DabBikOXMsxzlW8JyfeLKlG9mzqnWgLQLty88vdZL7ZJgrdgBOmrArwxiLtmS+lNNpPcBYqrhE6TQW5w==",
      "license": "MIT",
      "dependencies": {
        "@vue/compiler-dom": "3.3.8",
        "@vue/compiler-sfc": "3.3.8",
        "@vue/runtime-dom": "3.3.8",
        "@vue/server-renderer": "3.3.8",
        "@vue/shared": "3.3.8"
      },
      "peerDependencies": {
        "typescript": "*"
      },
      "peerDependenciesMeta": {
        "typescript": {
          "optional": true
        }
      }
    },
    "node_modules/vue-router": {
      "version": "4.2.5",
      "resolved": "http://cmc.cloudartifact.dragon.tools.hihonor.com/artifactory/api/npm/npm-virtual/vue-router/-/vue-router-4.2.5.tgz",
      "integrity": "sha512-DIUpKcyg4+PTQKfFPX88UWhlagBEBEfJ5A8XDXRJLUnZOvcpMF8o/dnL90vpVkGaPbjvXazV/rC1qBKrZlFugw==",
      "license": "MIT",
      "dependencies": {
        "@vue/devtools-api": "^6.5.0"
      },
      "funding": {
        "url": "https://github.com/sponsors/posva"
      },
      "peerDependencies": {
        "vue": "^3.2.0"
      }
    }
  }
}
